
Microsoft Visual Studio Solution File, Format Version 12.00
# Visual Studio Version 17
VisualStudioVersion = 17.4.33403.182
MinimumVisualStudioVersion = 10.0.40219.1
Project("{FAE04EC0-301F-11D3-BF4B-00C04F79EFBC}") = "FetchAllPaginated", "FetchAllPaginated\FetchAllPaginated.csproj", "{8EAD60B5-0430-47FA-8AA8-DCF53FAB39F5}"
EndProject
Project("{FAE04EC0-301F-11D3-BF4B-00C04F79EFBC}") = "FetchAllPaginated.Tests", "FetchAllPaginated.Tests\FetchAllPaginated.Tests.csproj", "{869AD1CD-060B-40D6-8101-30AF0C0BAD03}"
EndProject
Global
	GlobalSection(SolutionConfigurationPlatforms) = preSolution
		Debug|Any CPU = Debug|Any CPU
		Release|Any CPU = Release|Any CPU
	EndGlobalSection
	GlobalSection(ProjectConfigurationPlatforms) = postSolution
		{8EAD60B5-0430-47FA-8AA8-DCF53FAB39F5}.Debug|Any CPU.ActiveCfg = Debug|Any CPU
		{8EAD60B5-0430-47FA-8AA8-DCF53FAB39F5}.Debug|Any CPU.Build.0 = Debug|Any CPU
		{8EAD60B5-0430-47FA-8AA8-DCF53FAB39F5}.Release|Any CPU.ActiveCfg = Release|Any CPU
		{8EAD60B5-0430-47FA-8AA8-DCF53FAB39F5}.Release|Any CPU.Build.0 = Release|Any CPU
		{869AD1CD-060B-40D6-8101-30AF0C0BAD03}.Debug|Any CPU.ActiveCfg = Debug|Any CPU
		{869AD1CD-060B-40D6-8101-30AF0C0BAD03}.Debug|Any CPU.Build.0 = Debug|Any CPU
		{869AD1CD-060B-40D6-8101-30AF0C0BAD03}.Release|Any CPU.ActiveCfg = Release|Any CPU
		{869AD1CD-060B-40D6-8101-30AF0C0BAD03}.Release|Any CPU.Build.0 = Release|Any CPU
	EndGlobalSection
	GlobalSection(SolutionProperties) = preSolution
		HideSolutionNode = FALSE
	EndGlobalSection
	GlobalSection(ExtensibilityGlobals) = postSolution
		SolutionGuid = {A8A4CF0C-85CC-4BF5-8EB9-2FF15E338BCC}
	EndGlobalSection
EndGlobal
